PackratFormat: 1.4
PackratVersion: 0.4.0.12
RVersion: 3.1.0
Repos: CRAN=http://cran.rstudio.com,
    BioCsoft=http://bioconductor.org/packages/2.14/bioc,
    BioCann=http://bioconductor.org/packages/2.14/data/annotation,
    BioCexp=http://bioconductor.org/packages/2.14/data/experiment,
    BioCextra=http://bioconductor.org/packages/2.14/extra

Package: digest
Source: CRAN
Version: 0.6.4
Hash: e4bf0e79b15a352510aff0de905d31e2

Package: packrat
Source: github
Version: 0.4.0.12
Hash: e738f79a22521c57fad67a1679302385973cd958
GithubRepo: packrat
GithubUsername: rstudio
GithubRef: master
GithubSha1: e738f79a22521c57fad67a1679302385973cd958

Package: testthat
Source: CRAN
Version: 0.8.1
Hash: f296283e62e2ff299efa01e26cfc3eb1
Requires: digest
